
Microsoft Visual Studio Solution File, Format Version 12.00
# Visual Studio Version 17
VisualStudioVersion = 17.11.35208.52
MinimumVisualStudioVersion = 10.0.40219.1
Project("{FAE04EC0-301F-11D3-BF4B-00C04F79EFBC}") = "Labb 02 final", "Labb 02 final.csproj", "{A498E595-B70A-4A89-BCAE-ABF2A4CDF6A9}"
EndProject
Global
	GlobalSection(SolutionConfigurationPlatforms) = preSolution
		Debug|Any CPU = Debug|Any CPU
		Release|Any CPU = Release|Any CPU
	EndGlobalSection
	GlobalSection(ProjectConfigurationPlatforms) = postSolution
		{A498E595-B70A-4A89-BCAE-ABF2A4CDF6A9}.Debug|Any CPU.ActiveCfg = Debug|Any CPU
		{A498E595-B70A-4A89-BCAE-ABF2A4CDF6A9}.Debug|Any CPU.Build.0 = Debug|Any CPU
		{A498E595-B70A-4A89-BCAE-ABF2A4CDF6A9}.Release|Any CPU.ActiveCfg = Release|Any CPU
		{A498E595-B70A-4A89-BCAE-ABF2A4CDF6A9}.Release|Any CPU.Build.0 = Release|Any CPU
	EndGlobalSection
	GlobalSection(SolutionProperties) = preSolution
		HideSolutionNode = FALSE
	EndGlobalSection
	GlobalSection(ExtensibilityGlobals) = postSolution
		SolutionGuid = {302F0D66-C700-480F-9A5B-15E0D5236FB6}
	EndGlobalSection
EndGlobal
